
Microsoft Visual Studio Solution File, Format Version 12.00
# Visual Studio Version 16
VisualStudioVersion = 16.0.30413.136
MinimumVisualStudioVersion = 10.0.40219.1
Project("{FAE04EC0-301F-11D3-BF4B-00C04F79EFBC}") = "Kino_Rolan", "Kino_Rolan.csproj", "{9087C842-568D-447F-AB35-7F7487B497B5}"
EndProject
Global
	GlobalSection(SolutionConfigurationPlatforms) = preSolution
		Debug|Any CPU = Debug|Any CPU
		Release|Any CPU = Release|Any CPU
	EndGlobalSection
	GlobalSection(ProjectConfigurationPlatforms) = postSolution
		{9087C842-568D-447F-AB35-7F7487B497B5}.Debug|Any CPU.ActiveCfg = Debug|Any CPU
		{9087C842-568D-447F-AB35-7F7487B497B5}.Debug|Any CPU.Build.0 = Debug|Any CPU
		{9087C842-568D-447F-AB35-7F7487B497B5}.Release|Any CPU.ActiveCfg = Release|Any CPU
		{9087C842-568D-447F-AB35-7F7487B497B5}.Release|Any CPU.Build.0 = Release|Any CPU
	EndGlobalSection
	GlobalSection(SolutionProperties) = preSolution
		HideSolutionNode = FALSE
	EndGlobalSection
	GlobalSection(ExtensibilityGlobals) = postSolution
		SolutionGuid = {3C8A3110-630E-4FBE-A96A-08ECDE8720F8}
	EndGlobalSection
EndGlobal
